{
  "name": "rem_master",
  "version": "0.0.1",
  "lockfileVersion": 1,
  "dependencies": {
    "async": {
      "version": "1.0.0",
      "resolved": "https://registry.npmjs.org/async/-/async-1.0.0.tgz",
      "integrity": "sha1-+PwEyjoTeErenhZBr5hXjPvWR6k="
    },
    "axios": {
      "version": "0.16.2",
      "resolved": "https://registry.npmjs.org/axios/-/axios-0.16.2.tgz",
      "integrity": "sha1-uk+S8XFn37q0CYN4VFS5rBScPG0="
    },
    "colors": {
      "version": "1.0.3",
      "resolved": "https://registry.npmjs.org/colors/-/colors-1.0.3.tgz",
      "integrity": "sha1-BDP0TYCWgP3rYO0mDxsMJi6CpAs="
    },
    "cycle": {
      "version": "1.0.3",
      "resolved": "https://registry.npmjs.org/cycle/-/cycle-1.0.3.tgz",
      "integrity": "sha1-IegLK+hYD5i0aPN5QwZisEbDStI="
    },
    "debug": {
      "version": "2.6.8",
      "resolved": "https://registry.npmjs.org/debug/-/debug-2.6.8.tgz",
      "integrity": "sha1-5zFTHKLt4n0YgiJCfaF4IdaP9Pw="
    },
    "eventemitter3": {
      "version": "2.0.3",
      "resolved": "https://registry.npmjs.org/eventemitter3/-/eventemitter3-2.0.3.tgz",
      "integrity": "sha1-teEHm1n7XhuidxwKmTvgYKWMmbo="
    },
    "eyes": {
      "version": "0.1.8",
      "resolved": "https://registry.npmjs.org/eyes/-/eyes-0.1.8.tgz",
      "integrity": "sha1-Ys8SAjTGg3hdkCNIqADvPgzCC8A="
    },
    "follow-redirects": {
      "version": "1.2.3",
      "resolved": "https://registry.npmjs.org/follow-redirects/-/follow-redirects-1.2.3.tgz",
      "integrity": "sha1-AauuyoXjYJg32fzaMWen5C/ayiE="
    },
    "hot-shots": {
      "version": "4.5.0",
      "resolved": "https://registry.npmjs.org/hot-shots/-/hot-shots-4.5.0.tgz",
      "integrity": "sha1-0LfCrTZ8uy+MBismFRwJSa2Scfk="
    },
    "is-buffer": {
      "version": "1.1.5",
      "resolved": "https://registry.npmjs.org/is-buffer/-/is-buffer-1.1.5.tgz",
      "integrity": "sha1-Hzsm72E7IUuIy8ojzGwB2Hlh7sw="
    },
    "isstream": {
      "version": "0.1.2",
      "resolved": "https://registry.npmjs.org/isstream/-/isstream-0.1.2.tgz",
      "integrity": "sha1-R+Y/evVa+m+S4VAOaQ64uFKcCZo="
    },
    "ms": {
      "version": "2.0.0",
      "resolved": "https://registry.npmjs.org/ms/-/ms-2.0.0.tgz",
      "integrity": "sha1-VgiurfwAvmwpAd9fmGF4jeDVl8g="
    },
    "safe-buffer": {
      "version": "5.0.1",
      "resolved": "https://registry.npmjs.org/safe-buffer/-/safe-buffer-5.0.1.tgz",
      "integrity": "sha1-0mPKVGls2KMGtcplUekt5XkY++c="
    },
    "stack-trace": {
      "version": "0.0.10",
      "resolved": "https://registry.npmjs.org/stack-trace/-/stack-trace-0.0.10.tgz",
      "integrity": "sha1-VHxws0fo0ytOEI6hoqFZ5f3eGcA="
    },
    "ultron": {
      "version": "1.1.0",
      "resolved": "https://registry.npmjs.org/ultron/-/ultron-1.1.0.tgz",
      "integrity": "sha1-sHoualQagV/Go0zNRTO67DB8qGQ="
    },
    "uuid": {
      "version": "3.1.0",
      "resolved": "https://registry.npmjs.org/uuid/-/uuid-3.1.0.tgz",
      "integrity": "sha512-DIWtzUkw04M4k3bf1IcpS2tngXEL26YUD2M0tMDUpnUrz2hgzUBlD55a4FjdLGPvfHxS6uluGWvaVEqgBcVa+g=="
    },
    "winston": {
      "version": "2.3.1",
      "resolved": "https://registry.npmjs.org/winston/-/winston-2.3.1.tgz",
      "integrity": "sha1-C0hCDZeMAYBM8CMLZIhhWYIloRk="
    },
    "ws": {
      "version": "2.3.1",
      "resolved": "https://registry.npmjs.org/ws/-/ws-2.3.1.tgz",
      "integrity": "sha1-a5Sz5EfLajY/eF6vlK9jWejoHIA="
    }
  }
}
